
Microsoft Visual Studio Solution File, Format Version 12.00
# Visual Studio Version 17
VisualStudioVersion = 17.5.33516.290
MinimumVisualStudioVersion = 10.0.40219.1
Project("{FAE04EC0-301F-11D3-BF4B-00C04F79EFBC}") = "mf-apis-web-services-fuel-manager", "mf-apis-web-services-fuel-manager\mf-apis-web-services-fuel-manager.csproj", "{F4E3A271-DB75-43B6-A556-27F60EDDE24D}"
EndProject
Global
	GlobalSection(SolutionConfigurationPlatforms) = preSolution
		Debug|Any CPU = Debug|Any CPU
		Release|Any CPU = Release|Any CPU
	EndGlobalSection
	GlobalSection(ProjectConfigurationPlatforms) = postSolution
		{F4E3A271-DB75-43B6-A556-27F60EDDE24D}.Debug|Any CPU.ActiveCfg = Debug|Any CPU
		{F4E3A271-DB75-43B6-A556-27F60EDDE24D}.Debug|Any CPU.Build.0 = Debug|Any CPU
		{F4E3A271-DB75-43B6-A556-27F60EDDE24D}.Release|Any CPU.ActiveCfg = Release|Any CPU
		{F4E3A271-DB75-43B6-A556-27F60EDDE24D}.Release|Any CPU.Build.0 = Release|Any CPU
	EndGlobalSection
	GlobalSection(SolutionProperties) = preSolution
		HideSolutionNode = FALSE
	EndGlobalSection
	GlobalSection(ExtensibilityGlobals) = postSolution
		SolutionGuid = {C0130C7A-64ED-46F1-9735-124C1512CDE0}
	EndGlobalSection
EndGlobal
